
Microsoft Visual Studio Solution File, Format Version 12.00
# Visual Studio Version 17
VisualStudioVersion = 17.5.002.0
MinimumVisualStudioVersion = 10.0.40219.1
Project("{9A19103F-16F7-4668-BE54-9A1E7A4F7556}") = "BlazorAppVisualStudio", "BlazorAppVisualStudio.csproj", "{93A62FD5-AA01-4763-BDCF-C7A1DECAAC84}"
EndProject
Global
	GlobalSection(SolutionConfigurationPlatforms) = preSolution
		Debug|Any CPU = Debug|Any CPU
		Release|Any CPU = Release|Any CPU
	EndGlobalSection
	GlobalSection(ProjectConfigurationPlatforms) = postSolution
		{93A62FD5-AA01-4763-BDCF-C7A1DECAAC84}.Debug|Any CPU.ActiveCfg = Debug|Any CPU
		{93A62FD5-AA01-4763-BDCF-C7A1DECAAC84}.Debug|Any CPU.Build.0 = Debug|Any CPU
		{93A62FD5-AA01-4763-BDCF-C7A1DECAAC84}.Release|Any CPU.ActiveCfg = Release|Any CPU
		{93A62FD5-AA01-4763-BDCF-C7A1DECAAC84}.Release|Any CPU.Build.0 = Release|Any CPU
	EndGlobalSection
	GlobalSection(SolutionProperties) = preSolution
		HideSolutionNode = FALSE
	EndGlobalSection
	GlobalSection(ExtensibilityGlobals) = postSolution
		SolutionGuid = {55ABC396-C712-4542-A146-0A597B818BCD}
	EndGlobalSection
EndGlobal
